
Microsoft Visual Studio Solution File, Format Version 12.00
# Visual Studio 15
VisualStudioVersion = 15.0.28306.52
MinimumVisualStudioVersion = 10.0.40219.1
Project("{FAE04EC0-301F-11D3-BF4B-00C04F79EFBC}") = "Linq_Problems", "Linq_Problems\Linq_Problems.csproj", "{18915979-9D5D-4E79-A637-1E176D0C12FB}"
EndProject
Global
	GlobalSection(SolutionConfigurationPlatforms) = preSolution
		Debug|Any CPU = Debug|Any CPU
		Release|Any CPU = Release|Any CPU
	EndGlobalSection
	GlobalSection(ProjectConfigurationPlatforms) = postSolution
		{18915979-9D5D-4E79-A637-1E176D0C12FB}.Debug|Any CPU.ActiveCfg = Debug|Any CPU
		{18915979-9D5D-4E79-A637-1E176D0C12FB}.Debug|Any CPU.Build.0 = Debug|Any CPU
		{18915979-9D5D-4E79-A637-1E176D0C12FB}.Release|Any CPU.ActiveCfg = Release|Any CPU
		{18915979-9D5D-4E79-A637-1E176D0C12FB}.Release|Any CPU.Build.0 = Release|Any CPU
	EndGlobalSection
	GlobalSection(SolutionProperties) = preSolution
		HideSolutionNode = FALSE
	EndGlobalSection
	GlobalSection(ExtensibilityGlobals) = postSolution
		SolutionGuid = {DDC54C71-E4B6-4C7E-A9E1-8BBE4CE32F4F}
	EndGlobalSection
EndGlobal
